# THIS IS AN AUTOGENERATED FILE. DO NOT EDIT THIS FILE DIRECTLY.
# yarn lockfile v1


"@halsp/body@^1.1.0":
  version "1.1.0"
  resolved "https://registry.npmmirror.com/@halsp/body/-/body-1.1.0.tgz#628305d6ac79f1ce20dd4e08e9bc8a470c1234fe"
  integrity sha512-+mKQBiD6GxL/QeUo3SAPFUich+JDY53jio9E9NmQc3kqCDVkxa7PrfLQW48hG82UyiJ8KdiMSKxnEBPeAx97+Q==
  dependencies:
    "@halsp/core" "^1.1.0"
    "@halsp/http" "^1.1.0"
    co-body "^6.1.0"
    formidable "^2.1.1"
    type-is "^1.6.18"

"@halsp/core@^1.0.4", "@halsp/core@^1.1.0":
  version "1.1.0"
  resolved "https://registry.npmmirror.com/@halsp/core/-/core-1.1.0.tgz#2a65c9a151fd136cc4e01a0595999f03ca919103"
  integrity sha512-Y5t1HXBnYfNtFlrq5qiogv8uR3TbfnHAIAmiPiELNuwm85/7plralOdpKiuFlnDY2btN22C+4xmbjYGQ3ktA+A==

"@halsp/http@^1.1.0":
  version "1.1.0"
  resolved "https://registry.npmmirror.com/@halsp/http/-/http-1.1.0.tgz#ba3b3625448a9df9ad0d0bc5e01f589dc50a3d31"
  integrity sha512-58ii8WfQPLjxffKmydDQJg+BfQyHcXJI7q6w7jveC3KjntG13aXUARabPNvfw1+Cz67nownqmyQg8DLwh77Mhg==
  dependencies:
    "@halsp/core" "^1.1.0"
    "@halsp/methods" "^1.1.0"
    http-status-codes "^2.2.0"
    mime-types "^2.1.35"

"@halsp/lambda@^1.0.4":
  version "1.1.0"
  resolved "https://registry.npmmirror.com/@halsp/lambda/-/lambda-1.1.0.tgz#4fc2752c191260c1d72f01b0e2e5bcb03a24f417"
  integrity sha512-tMpnEl9O7/h1+8xkiH1Mx6q0oMnJFQj/4U2MH8sICANXQl70t4jR9Plvk16cSPq4J/wzWhWpLyyunyt96YacFg==
  dependencies:
    "@halsp/core" "^1.1.0"
    "@halsp/http" "^1.1.0"
    "@halsp/methods" "^1.1.0"

"@halsp/methods@^1.1.0":
  version "1.1.0"
  resolved "https://registry.npmmirror.com/@halsp/methods/-/methods-1.1.0.tgz#53b7d4c7dd6dd1d124c87bb2cc768ab600096354"
  integrity sha512-coaArgq/IPzRarmwTRS4DBViQC8V6L+z04EskerKE+a91VxzW0lwYf4hZvkLMrEQSW85/TH3bMutowJP2iqrpw==
  dependencies:
    "@halsp/core" "^1.1.0"

"@halsp/native@^1.0.4":
  version "1.1.0"
  resolved "https://registry.npmmirror.com/@halsp/native/-/native-1.1.0.tgz#fb8912d0c359b3a69c6bd24e9ab405e1378f5819"
  integrity sha512-CceVXsmL+BZQWbHVJze7wLd+8U98xzdNeuaNHhAqgVjZfzEnH/OelxRkwA1ay5kNppR38o564WckzUrWjcKUMw==
  dependencies:
    "@halsp/body" "^1.1.0"
    "@halsp/core" "^1.1.0"
    "@halsp/http" "^1.1.0"
    qs "^6.11.1"

"@halsp/static@^1.0.4":
  version "1.1.0"
  resolved "https://registry.npmmirror.com/@halsp/static/-/static-1.1.0.tgz#c5a4f995856a672fb4dfb1e6edf10a7e977137ff"
  integrity sha512-Dn0PO0PtUUAzeo31z4pdjCBpi9R6QDD2/6KQS4oW5Bazi9w5y/SJmMlMRn4p5cExBGHF7cBM+Bt5AWm79XK4Aw==
  dependencies:
    "@halsp/core" "^1.1.0"
    "@halsp/http" "^1.1.0"
    "@halsp/methods" "^1.1.0"
    glob "^9.3.4"
    mime "^3.0.0"

asap@^2.0.0:
  version "2.0.6"
  resolved "https://registry.npmmirror.com/asap/-/asap-2.0.6.tgz#e50347611d7e690943208bbdafebcbc2fb866d46"
  integrity sha512-BSHWgDSAiKs50o2Re8ppvp3seVHXSRM44cdSsT9FfNEUUZLOGWVCsiWaRPWM1Znn+mqZ1OfVZ3z3DWEzSp7hRA==

balanced-match@^1.0.0:
  version "1.0.2"
  resolved "https://registry.npmmirror.com/balanced-match/-/balanced-match-1.0.2.tgz#e83e3a7e3f300b34cb9d87f615fa0cbf357690ee"
  integrity sha512-3oSeUO0TMV67hN1AmbXsK4yaqU7tjiHlbxRDZOpH0KW9+CeX4bRAaX0Anxt0tx2MrpRpWwQaPwIlISEJhYU5Pw==

brace-expansion@^2.0.1:
  version "2.0.1"
  resolved "https://registry.npmmirror.com/brace-expansion/-/brace-expansion-2.0.1.tgz#1edc459e0f0c548486ecf9fc99f2221364b9a0ae"
  integrity sha512-XnAIvQ8eM+kC6aULx6wuQiwVsnzsi9d3WxzV3FpWTGA19F621kwdbsAcFKXgKUHZWsy+mY6iL1sHTxWEFCytDA==
  dependencies:
    balanced-match "^1.0.0"

bytes@3.1.2:
  version "3.1.2"
  resolved "https://registry.npmmirror.com/bytes/-/bytes-3.1.2.tgz#8b0beeb98605adf1b128fa4386403c009e0221a5"
  integrity sha512-/Nf7TyzTx6S3yRJObOAV7956r8cr2+Oj8AC5dt8wSP3BQAoeX58NoHyCU8P8zGkNXStjTSi6fzO6F0pBdcYbEg==

call-bind@^1.0.0:
  version "1.0.2"
  resolved "https://registry.npmmirror.com/call-bind/-/call-bind-1.0.2.tgz#b1d4e89e688119c3c9a903ad30abb2f6a919be3c"
  integrity sha512-7O+FbCihrB5WGbFYesctwmTKae6rOiIzmz1icreWJ+0aA7LJfuqhEso2T9ncpcFtzMQtzXf2QGGueWJGTYsqrA==
  dependencies:
    function-bind "^1.1.1"
    get-intrinsic "^1.0.2"

co-body@^6.1.0:
  version "6.1.0"
  resolved "https://registry.npmmirror.com/co-body/-/co-body-6.1.0.tgz#d87a8efc3564f9bfe3aced8ef5cd04c7a8766547"
  integrity sha512-m7pOT6CdLN7FuXUcpuz/8lfQ/L77x8SchHCF4G0RBTJO20Wzmhn5Sp4/5WsKy8OSpifBSUrmg83qEqaDHdyFuQ==
  dependencies:
    inflation "^2.0.0"
    qs "^6.5.2"
    raw-body "^2.3.3"
    type-is "^1.6.16"

depd@2.0.0:
  version "2.0.0"
  resolved "https://registry.npmmirror.com/depd/-/depd-2.0.0.tgz#b696163cc757560d09cf22cc8fad1571b79e76df"
  integrity sha512-g7nH6P6dyDioJogAAGprGpCtVImJhpPk/roCzdb3fIh61/s/nPsfR6onyMwkCAR/OlC3yBC0lESvUoQEAssIrw==

dezalgo@^1.0.4:
  version "1.0.4"
  resolved "https://registry.npmmirror.com/dezalgo/-/dezalgo-1.0.4.tgz#751235260469084c132157dfa857f386d4c33d81"
  integrity sha512-rXSP0bf+5n0Qonsb+SVVfNfIsimO4HEtmnIpPHY8Q1UCzKlQrDMfdobr8nJOOsRgWCyMRqeSBQzmWUMq7zvVig==
  dependencies:
    asap "^2.0.0"
    wrappy "1"

formidable@^2.1.1:
  version "2.1.1"
  resolved "https://registry.npmmirror.com/formidable/-/formidable-2.1.1.tgz#81269cbea1a613240049f5f61a9d97731517414f"
  integrity sha512-0EcS9wCFEzLvfiks7omJ+SiYJAiD+TzK4Pcw1UlUoGnhUxDcMKjt0P7x8wEb0u6OHu8Nb98WG3nxtlF5C7bvUQ==
  dependencies:
    dezalgo "^1.0.4"
    hexoid "^1.0.0"
    once "^1.4.0"
    qs "^6.11.0"

fs.realpath@^1.0.0:
  version "1.0.0"
  resolved "https://registry.npmmirror.com/fs.realpath/-/fs.realpath-1.0.0.tgz#1504ad2523158caa40db4a2787cb01411994ea4f"
  integrity sha512-OO0pH2lK6a0hZnAdau5ItzHPI6pUlvI7jMVnxUQRtw4owF2wk8lOSabtGDCTP4Ggrg2MbGnWO9X8K1t4+fGMDw==

function-bind@^1.1.1:
  version "1.1.1"
  resolved "https://registry.npmmirror.com/function-bind/-/function-bind-1.1.1.tgz#a56899d3ea3c9bab874bb9773b7c5ede92f4895d"
  integrity sha512-yIovAzMX49sF8Yl58fSCWJ5svSLuaibPxXQJFLmBObTuCr0Mf1KiPopGM9NiFjiYBCbfaa2Fh6breQ6ANVTI0A==

get-intrinsic@^1.0.2:
  version "1.2.0"
  resolved "https://registry.npmmirror.com/get-intrinsic/-/get-intrinsic-1.2.0.tgz#7ad1dc0535f3a2904bba075772763e5051f6d05f"
  integrity sha512-L049y6nFOuom5wGyRc3/gdTLO94dySVKRACj1RmJZBQXlbTMhtNIgkWkUHq+jYmZvKf14EW1EoJnnjbmoHij0Q==
  dependencies:
    function-bind "^1.1.1"
    has "^1.0.3"
    has-symbols "^1.0.3"

glob@^9.3.4:
  version "9.3.5"
  resolved "https://registry.npmmirror.com/glob/-/glob-9.3.5.tgz#ca2ed8ca452781a3009685607fdf025a899dfe21"
  integrity sha512-e1LleDykUz2Iu+MTYdkSsuWX8lvAjAcs0Xef0lNIu0S2wOAzuTxCJtcd9S3cijlwYF18EsU3rzb8jPVobxDh9Q==
  dependencies:
    fs.realpath "^1.0.0"
    minimatch "^8.0.2"
    minipass "^4.2.4"
    path-scurry "^1.6.1"

has-symbols@^1.0.3:
  version "1.0.3"
  resolved "https://registry.npmmirror.com/has-symbols/-/has-symbols-1.0.3.tgz#bb7b2c4349251dce87b125f7bdf874aa7c8b39f8"
  integrity sha512-l3LCuF6MgDNwTDKkdYGEihYjt5pRPbEg46rtlmnSPlUbgmB8LOIrKJbYYFBSbnPaJexMKtiPO8hmeRjRz2Td+A==

has@^1.0.3:
  version "1.0.3"
  resolved "https://registry.npmmirror.com/has/-/has-1.0.3.tgz#722d7cbfc1f6aa8241f16dd814e011e1f41e8796"
  integrity sha512-f2dvO0VU6Oej7RkWJGrehjbzMAjFp5/VKPp5tTpWIV4JHHZK1/BxbFRtf/siA2SWTe09caDmVtYYzWEIbBS4zw==
  dependencies:
    function-bind "^1.1.1"

hexoid@^1.0.0:
  version "1.0.0"
  resolved "https://registry.npmmirror.com/hexoid/-/hexoid-1.0.0.tgz#ad10c6573fb907de23d9ec63a711267d9dc9bc18"
  integrity sha512-QFLV0taWQOZtvIRIAdBChesmogZrtuXvVWsFHZTk2SU+anspqZ2vMnoLg7IE1+Uk16N19APic1BuF8bC8c2m5g==

http-errors@2.0.0:
  version "2.0.0"
  resolved "https://registry.npmmirror.com/http-errors/-/http-errors-2.0.0.tgz#b7774a1486ef73cf7667ac9ae0858c012c57b9d3"
  integrity sha512-FtwrG/euBzaEjYeRqOgly7G0qviiXoJWnvEH2Z1plBdXgbyjv34pHTSb9zoeHMyDy33+DWy5Wt9Wo+TURtOYSQ==
  dependencies:
    depd "2.0.0"
    inherits "2.0.4"
    setprototypeof "1.2.0"
    statuses "2.0.1"
    toidentifier "1.0.1"

http-status-codes@^2.2.0:
  version "2.2.0"
  resolved "https://registry.npmmirror.com/http-status-codes/-/http-status-codes-2.2.0.tgz#bb2efe63d941dfc2be18e15f703da525169622be"
  integrity sha512-feERVo9iWxvnejp3SEfm/+oNG517npqL2/PIA8ORjyOZjGC7TwCRQsZylciLS64i6pJ0wRYz3rkXLRwbtFa8Ng==

iconv-lite@0.4.24:
  version "0.4.24"
  resolved "https://registry.npmmirror.com/iconv-lite/-/iconv-lite-0.4.24.tgz#2022b4b25fbddc21d2f524974a474aafe733908b"
  integrity sha512-v3MXnZAcvnywkTUEZomIActle7RXXeedOR31wwl7VlyoXO4Qi9arvSenNQWne1TcRwhCL1HwLI21bEqdpj8/rA==
  dependencies:
    safer-buffer ">= 2.1.2 < 3"

inflation@^2.0.0:
  version "2.0.0"
  resolved "https://registry.npmmirror.com/inflation/-/inflation-2.0.0.tgz#8b417e47c28f925a45133d914ca1fd389107f30f"
  integrity sha512-m3xv4hJYR2oXw4o4Y5l6P5P16WYmazYof+el6Al3f+YlggGj6qT9kImBAnzDelRALnP5d3h4jGBPKzYCizjZZw==

inherits@2.0.4:
  version "2.0.4"
  resolved "https://registry.npmmirror.com/inherits/-/inherits-2.0.4.tgz#0fa2c64f932917c3433a0ded55363aae37416b7c"
  integrity sha512-k/vGaX4/Yla3WzyMCvTQOXYeIHvqOKtnqBduzTHpzpQZzAskKMhZ2K+EnBiSM9zGSoIFeMpXKxa4dYeZIQqewQ==

lru-cache@^9.0.0:
  version "9.0.3"
  resolved "https://registry.npmmirror.com/lru-cache/-/lru-cache-9.0.3.tgz#8a04f282df5320227bb7215c55df2660d3e4e25b"
  integrity sha512-cyjNRew29d4kbgnz1sjDqxg7qg8NW4s+HQzCGjeon7DV5T2yDije16W9HaUFV1dhVEMh+SjrOcK0TomBmf3Egg==

media-typer@0.3.0:
  version "0.3.0"
  resolved "https://registry.npmmirror.com/media-typer/-/media-typer-0.3.0.tgz#8710d7af0aa626f8fffa1ce00168545263255748"
  integrity sha512-dq+qelQ9akHpcOl/gUVRTxVIOkAJ1wR3QAvb4RsVjS8oVoFjDGTc679wJYmUmknUF5HwMLOgb5O+a3KxfWapPQ==

mime-db@1.52.0:
  version "1.52.0"
  resolved "https://registry.npmmirror.com/mime-db/-/mime-db-1.52.0.tgz#bbabcdc02859f4987301c856e3387ce5ec43bf70"
  integrity sha512-sPU4uV7dYlvtWJxwwxHD0PuihVNiE7TyAbQ5SWxDCB9mUYvOgroQOwYQQOKPJ8CIbE+1ETVlOoK1UC2nU3gYvg==

mime-types@^2.1.35, mime-types@~2.1.24:
  version "2.1.35"
  resolved "https://registry.npmmirror.com/mime-types/-/mime-types-2.1.35.tgz#381a871b62a734450660ae3deee44813f70d959a"
  integrity sha512-ZDY+bPm5zTTF+YpCrAU9nK0UgICYPT0QtT1NZWFv4s++TNkcgVaT0g6+4R2uI4MjQjzysHB1zxuWL50hzaeXiw==
  dependencies:
    mime-db "1.52.0"

mime@^3.0.0:
  version "3.0.0"
  resolved "https://registry.npmmirror.com/mime/-/mime-3.0.0.tgz#b374550dca3a0c18443b0c950a6a58f1931cf7a7"
  integrity sha512-jSCU7/VB1loIWBZe14aEYHU/+1UMEHoaO7qxCOVJOw9GgH72VAWppxNcjU+x9a2k3GSIBXNKxXQFqRvvZ7vr3A==

minimatch@^8.0.2:
  version "8.0.4"
  resolved "https://registry.npmmirror.com/minimatch/-/minimatch-8.0.4.tgz#847c1b25c014d4e9a7f68aaf63dedd668a626229"
  integrity sha512-W0Wvr9HyFXZRGIDgCicunpQ299OKXs9RgZfaukz4qAW/pJhcpUfupc9c+OObPOFueNy8VSrZgEmDtk6Kh4WzDA==
  dependencies:
    brace-expansion "^2.0.1"

minipass@^4.2.4:
  version "4.2.8"
  resolved "https://registry.npmmirror.com/minipass/-/minipass-4.2.8.tgz#f0010f64393ecfc1d1ccb5f582bcaf45f48e1a3a"
  integrity sha512-fNzuVyifolSLFL4NzpF+wEF4qrgqaaKX0haXPQEdQ7NKAN+WecoKMHV09YcuL/DHxrUsYQOK3MiuDf7Ip2OXfQ==

minipass@^5.0.0:
  version "5.0.0"
  resolved "https://registry.npmmirror.com/minipass/-/minipass-5.0.0.tgz#3e9788ffb90b694a5d0ec94479a45b5d8738133d"
  integrity sha512-3FnjYuehv9k6ovOEbyOswadCDPX1piCfhV8ncmYtHOjuPwylVWsghTLo7rabjC3Rx5xD4HDx8Wm1xnMF7S5qFQ==

object-inspect@^1.9.0:
  version "1.12.3"
  resolved "https://registry.npmmirror.com/object-inspect/-/object-inspect-1.12.3.tgz#ba62dffd67ee256c8c086dfae69e016cd1f198b9"
  integrity sha512-geUvdk7c+eizMNUDkRpW1wJwgfOiOeHbxBR/hLXK1aT6zmVSO0jsQcs7fj6MGw89jC/cjGfLcNOrtMYtGqm81g==

once@^1.4.0:
  version "1.4.0"
  resolved "https://registry.npmmirror.com/once/-/once-1.4.0.tgz#583b1aa775961d4b113ac17d9c50baef9dd76bd1"
  integrity sha512-lNaJgI+2Q5URQBkccEKHTQOPaXdUxnZZElQTZY0MFUAuaEqe1E+Nyvgdz/aIyNi6Z9MzO5dv1H8n58/GELp3+w==
  dependencies:
    wrappy "1"

path-scurry@^1.6.1:
  version "1.7.0"
  resolved "https://registry.npmmirror.com/path-scurry/-/path-scurry-1.7.0.tgz#99c741a2cfbce782294a39994d63748b5a24f6db"
  integrity sha512-UkZUeDjczjYRE495+9thsgcVgsaCPkaw80slmfVFgllxY+IO8ubTsOpFVjDPROBqJdHfVPUFRHPBV/WciOVfWg==
  dependencies:
    lru-cache "^9.0.0"
    minipass "^5.0.0"

qs@^6.11.0, qs@^6.11.1, qs@^6.5.2:
  version "6.11.1"
  resolved "https://registry.npmmirror.com/qs/-/qs-6.11.1.tgz#6c29dff97f0c0060765911ba65cbc9764186109f"
  integrity sha512-0wsrzgTz/kAVIeuxSjnpGC56rzYtr6JT/2BwEvMaPhFIoYa1aGO8LbzuU1R0uUYQkLpWBTOj0l/CLAJB64J6nQ==
  dependencies:
    side-channel "^1.0.4"

raw-body@^2.3.3:
  version "2.5.2"
  resolved "https://registry.npmmirror.com/raw-body/-/raw-body-2.5.2.tgz#99febd83b90e08975087e8f1f9419a149366b68a"
  integrity sha512-8zGqypfENjCIqGhgXToC8aB2r7YrBX+AQAfIPs/Mlk+BtPTztOvTS01NRW/3Eh60J+a48lt8qsCzirQ6loCVfA==
  dependencies:
    bytes "3.1.2"
    http-errors "2.0.0"
    iconv-lite "0.4.24"
    unpipe "1.0.0"

reflect-metadata@^0.1.13:
  version "0.1.13"
  resolved "https://registry.npmmirror.com/reflect-metadata/-/reflect-metadata-0.1.13.tgz#67ae3ca57c972a2aa1642b10fe363fe32d49dc08"
  integrity sha512-Ts1Y/anZELhSsjMcU605fU9RE4Oi3p5ORujwbIKXfWa+0Zxs510Qrmrce5/Jowq3cHSZSJqBjypxmHarc+vEWg==

"safer-buffer@>= 2.1.2 < 3":
  version "2.1.2"
  resolved "https://registry.npmmirror.com/safer-buffer/-/safer-buffer-2.1.2.tgz#44fa161b0187b9549dd84bb91802f9bd8385cd6a"
  integrity sha512-YZo3K82SD7Riyi0E1EQPojLz7kpepnSQI9IyPbHHg1XXXevb5dJI7tpyN2ADxGcQbHG7vcyRHk0cbwqcQriUtg==

setprototypeof@1.2.0:
  version "1.2.0"
  resolved "https://registry.npmmirror.com/setprototypeof/-/setprototypeof-1.2.0.tgz#66c9a24a73f9fc28cbe66b09fed3d33dcaf1b424"
  integrity sha512-E5LDX7Wrp85Kil5bhZv46j8jOeboKq5JMmYM3gVGdGH8xFpPWXUMsNrlODCrkoxMEeNi/XZIwuRvY4XNwYMJpw==

side-channel@^1.0.4:
  version "1.0.4"
  resolved "https://registry.npmmirror.com/side-channel/-/side-channel-1.0.4.tgz#efce5c8fdc104ee751b25c58d4290011fa5ea2cf"
  integrity sha512-q5XPytqFEIKHkGdiMIrY10mvLRvnQh42/+GoBlFW3b2LXLE2xxJpZFdm94we0BaoV3RwJyGqg5wS7epxTv0Zvw==
  dependencies:
    call-bind "^1.0.0"
    get-intrinsic "^1.0.2"
    object-inspect "^1.9.0"

statuses@2.0.1:
  version "2.0.1"
  resolved "https://registry.npmmirror.com/statuses/-/statuses-2.0.1.tgz#55cb000ccf1d48728bd23c685a063998cf1a1b63"
  integrity sha512-RwNA9Z/7PrK06rYLIzFMlaF+l73iwpzsqRIFgbMLbTcLD6cOao82TaWefPXQvB2fOC4AjuYSEndS7N/mTCbkdQ==

toidentifier@1.0.1:
  version "1.0.1"
  resolved "https://registry.npmmirror.com/toidentifier/-/toidentifier-1.0.1.tgz#3be34321a88a820ed1bd80dfaa33e479fbb8dd35"
  integrity sha512-o5sSPKEkg/DIQNmH43V0/uerLrpzVedkUh8tGNvaeXpfpuwjKenlSox/2O/BTlZUtEe+JG7s5YhEz608PlAHRA==

type-is@^1.6.16, type-is@^1.6.18:
  version "1.6.18"
  resolved "https://registry.npmmirror.com/type-is/-/type-is-1.6.18.tgz#4e552cd05df09467dcbc4ef739de89f2cf37c131"
  integrity sha512-TkRKr9sUTxEH8MdfuCSP7VizJyzRNMjj2J2do2Jr3Kym598JVdEksuzPQCnlFPW4ky9Q+iA+ma9BGm06XQBy8g==
  dependencies:
    media-typer "0.3.0"
    mime-types "~2.1.24"

unpipe@1.0.0:
  version "1.0.0"
  resolved "https://registry.npmmirror.com/unpipe/-/unpipe-1.0.0.tgz#b2bf4ee8514aae6165b4817829d21b2ef49904ec"
  integrity sha512-pjy2bYhSsufwWlKwPc+l3cN7+wuJlK6uz0YdJEOlQDbl6jo/YlPi4mb8agUkVC8BF7V8NuzeyPNqRksA3hztKQ==

wrappy@1:
  version "1.0.2"
  resolved "https://registry.npmmirror.com/wrappy/-/wrappy-1.0.2.tgz#b5243d8f3ec1aa35f1364605bc0d1036e30ab69f"
  integrity sha512-l4Sp/DRseor9wL6EvV2+TuQn63dMkPjZ/sp9XkghTEbV9KlPS1xUsZ3u7/IQO4wxtcFB4bgpQPRcR3QCvezPcQ==
